
Microsoft Visual Studio Solution File, Format Version 12.00
Project("{2150E333-8FDC-42A3-9474-1A3956D46DE8}") = "src", "src", "{7A3213FC-D922-425D-ACB2-B06760CD44C8}"
EndProject
Project("{2150E333-8FDC-42A3-9474-1A3956D46DE8}") = "Building Blocks", "Building Blocks", "{6D208AE5-A8B3-4A3F-BD13-CF702B937A9C}"
EndProject
Project("{2150E333-8FDC-42A3-9474-1A3956D46DE8}") = "Web", "Web", "{14355449-742D-4597-BCA6-718FC19391A2}"
EndProject
Project("{2150E333-8FDC-42A3-9474-1A3956D46DE8}") = "Services", "Services", "{03EDF608-8A7F-48FC-AF15-F5E107750ACB}"
EndProject
Project("{2150E333-8FDC-42A3-9474-1A3956D46DE8}") = "Identity", "Identity", "{0F31C7F2-B368-47C2-B32B-67E0C3867397}"
EndProject
Project("{2150E333-8FDC-42A3-9474-1A3956D46DE8}") = "Core", "Core", "{FF4BCFA8-3F8C-4551-95CA-236E5CEB159C}"
EndProject
Project("{FAE04EC0-301F-11D3-BF4B-00C04F79EFBC}") = "MRS.Identity.API", "src\services\MRS.Identity.API\MRS.Identity.API.csproj", "{4514D351-D848-4DD4-9BCE-9F7A86513614}"
EndProject
Global
	GlobalSection(SolutionConfigurationPlatforms) = preSolution
		Debug|Any CPU = Debug|Any CPU
		Release|Any CPU = Release|Any CPU
	EndGlobalSection
	GlobalSection(NestedProjects) = preSolution
		{6D208AE5-A8B3-4A3F-BD13-CF702B937A9C} = {7A3213FC-D922-425D-ACB2-B06760CD44C8}
		{14355449-742D-4597-BCA6-718FC19391A2} = {7A3213FC-D922-425D-ACB2-B06760CD44C8}
		{03EDF608-8A7F-48FC-AF15-F5E107750ACB} = {7A3213FC-D922-425D-ACB2-B06760CD44C8}
		{0F31C7F2-B368-47C2-B32B-67E0C3867397} = {03EDF608-8A7F-48FC-AF15-F5E107750ACB}
		{FF4BCFA8-3F8C-4551-95CA-236E5CEB159C} = {6D208AE5-A8B3-4A3F-BD13-CF702B937A9C}
		{4514D351-D848-4DD4-9BCE-9F7A86513614} = {0F31C7F2-B368-47C2-B32B-67E0C3867397}
	EndGlobalSection
	GlobalSection(ProjectConfigurationPlatforms) = postSolution
		{4514D351-D848-4DD4-9BCE-9F7A86513614}.Debug|Any CPU.ActiveCfg = Debug|Any CPU
		{4514D351-D848-4DD4-9BCE-9F7A86513614}.Debug|Any CPU.Build.0 = Debug|Any CPU
		{4514D351-D848-4DD4-9BCE-9F7A86513614}.Release|Any CPU.ActiveCfg = Release|Any CPU
		{4514D351-D848-4DD4-9BCE-9F7A86513614}.Release|Any CPU.Build.0 = Release|Any CPU
	EndGlobalSection
EndGlobal
